
Microsoft Visual Studio Solution File, Format Version 12.00
# Visual Studio Version 16
VisualStudioVersion = 16.0.31313.79
MinimumVisualStudioVersion = 10.0.40219.1
Project("{FAE04EC0-301F-11D3-BF4B-00C04F79EFBC}") = "Circle_Algorithm", "Circle_Algorithm\Circle_Algorithm.csproj", "{7CCA1D9C-43F8-4C49-9993-349AA325A56B}"
EndProject
Global
	GlobalSection(SolutionConfigurationPlatforms) = preSolution
		Debug|Any CPU = Debug|Any CPU
		Release|Any CPU = Release|Any CPU
	EndGlobalSection
	GlobalSection(ProjectConfigurationPlatforms) = postSolution
		{7CCA1D9C-43F8-4C49-9993-349AA325A56B}.Debug|Any CPU.ActiveCfg = Debug|Any CPU
		{7CCA1D9C-43F8-4C49-9993-349AA325A56B}.Debug|Any CPU.Build.0 = Debug|Any CPU
		{7CCA1D9C-43F8-4C49-9993-349AA325A56B}.Release|Any CPU.ActiveCfg = Release|Any CPU
		{7CCA1D9C-43F8-4C49-9993-349AA325A56B}.Release|Any CPU.Build.0 = Release|Any CPU
	EndGlobalSection
	GlobalSection(SolutionProperties) = preSolution
		HideSolutionNode = FALSE
	EndGlobalSection
	GlobalSection(ExtensibilityGlobals) = postSolution
		SolutionGuid = {FECC640D-26D8-4D61-96F1-7C099213E30F}
	EndGlobalSection
EndGlobal
